Microsoft Visual Studio Solution File, Format Version 12.00
# Visual Studio 15
Project("{8BC9CEB8-8B4A-11D0-8D11-00A0C91BC942}") = "ALL_BUILD", "ALL_BUILD.vcxproj", "{A76B282A-6BF1-3AC0-9BF2-87A151EEBBC0}"
	ProjectSection(ProjectDependencies) = postProject
		{FD3D9875-8E45-3A9F-B444-9D3A99331851} = {FD3D9875-8E45-3A9F-B444-9D3A99331851}
		{D8F37DD7-5458-3D6F-8A10-972F64285383} = {D8F37DD7-5458-3D6F-8A10-972F64285383}
		{2C891839-F787-3423-867E-6785ACD47454} = {2C891839-F787-3423-867E-6785ACD47454}
	EndProjectSection
EndProject
Project("{8BC9CEB8-8B4A-11D0-8D11-00A0C91BC942}") = "Example", "Example.vcxproj", "{FD3D9875-8E45-3A9F-B444-9D3A99331851}"
	ProjectSection(ProjectDependencies) = postProject
		{2C891839-F787-3423-867E-6785ACD47454} = {2C891839-F787-3423-867E-6785ACD47454}
	EndProjectSection
EndProject
Project("{8BC9CEB8-8B4A-11D0-8D11-00A0C91BC942}") = "TaskSystem", "src\TaskSystem.vcxproj", "{D8F37DD7-5458-3D6F-8A10-972F64285383}"
	ProjectSection(ProjectDependencies) = postProject
		{2C891839-F787-3423-867E-6785ACD47454} = {2C891839-F787-3423-867E-6785ACD47454}
	EndProjectSection
EndProject
Project("{8BC9CEB8-8B4A-11D0-8D11-00A0C91BC942}") = "ZERO_CHECK", "ZERO_CHECK.vcxproj", "{2C891839-F787-3423-867E-6785ACD47454}"
	ProjectSection(ProjectDependencies) = postProject
	EndProjectSection
EndProject
Global
	GlobalSection(SolutionConfigurationPlatforms) = preSolution
		Debug|Win32 = Debug|Win32
		Release|Win32 = Release|Win32
		MinSizeRel|Win32 = MinSizeRel|Win32
		RelWithDebInfo|Win32 = RelWithDebInfo|Win32
	EndGlobalSection
	GlobalSection(ProjectConfigurationPlatforms) = postSolution
		{A76B282A-6BF1-3AC0-9BF2-87A151EEBBC0}.Debug|Win32.ActiveCfg = Debug|Win32
		{A76B282A-6BF1-3AC0-9BF2-87A151EEBBC0}.Release|Win32.ActiveCfg = Release|Win32
		{A76B282A-6BF1-3AC0-9BF2-87A151EEBBC0}.MinSizeRel|Win32.ActiveCfg = MinSizeRel|Win32
		{A76B282A-6BF1-3AC0-9BF2-87A151EEBBC0}.RelWithDebInfo|Win32.ActiveCfg = RelWithDebInfo|Win32
		{FD3D9875-8E45-3A9F-B444-9D3A99331851}.Debug|Win32.ActiveCfg = Debug|Win32
		{FD3D9875-8E45-3A9F-B444-9D3A99331851}.Debug|Win32.Build.0 = Debug|Win32
		{FD3D9875-8E45-3A9F-B444-9D3A99331851}.Release|Win32.ActiveCfg = Release|Win32
		{FD3D9875-8E45-3A9F-B444-9D3A99331851}.Release|Win32.Build.0 = Release|Win32
		{FD3D9875-8E45-3A9F-B444-9D3A99331851}.MinSizeRel|Win32.ActiveCfg = MinSizeRel|Win32
		{FD3D9875-8E45-3A9F-B444-9D3A99331851}.MinSizeRel|Win32.Build.0 = MinSizeRel|Win32
		{FD3D9875-8E45-3A9F-B444-9D3A99331851}.RelWithDebInfo|Win32.ActiveCfg = RelWithDebInfo|Win32
		{FD3D9875-8E45-3A9F-B444-9D3A99331851}.RelWithDebInfo|Win32.Build.0 = RelWithDebInfo|Win32
		{D8F37DD7-5458-3D6F-8A10-972F64285383}.Debug|Win32.ActiveCfg = Debug|Win32
		{D8F37DD7-5458-3D6F-8A10-972F64285383}.Debug|Win32.Build.0 = Debug|Win32
		{D8F37DD7-5458-3D6F-8A10-972F64285383}.Release|Win32.ActiveCfg = Release|Win32
		{D8F37DD7-5458-3D6F-8A10-972F64285383}.Release|Win32.Build.0 = Release|Win32
		{D8F37DD7-5458-3D6F-8A10-972F64285383}.MinSizeRel|Win32.ActiveCfg = MinSizeRel|Win32
		{D8F37DD7-5458-3D6F-8A10-972F64285383}.MinSizeRel|Win32.Build.0 = MinSizeRel|Win32
		{D8F37DD7-5458-3D6F-8A10-972F64285383}.RelWithDebInfo|Win32.ActiveCfg = RelWithDebInfo|Win32
		{D8F37DD7-5458-3D6F-8A10-972F64285383}.RelWithDebInfo|Win32.Build.0 = RelWithDebInfo|Win32
		{2C891839-F787-3423-867E-6785ACD47454}.Debug|Win32.ActiveCfg = Debug|Win32
		{2C891839-F787-3423-867E-6785ACD47454}.Debug|Win32.Build.0 = Debug|Win32
		{2C891839-F787-3423-867E-6785ACD47454}.Release|Win32.ActiveCfg = Release|Win32
		{2C891839-F787-3423-867E-6785ACD47454}.Release|Win32.Build.0 = Release|Win32
		{2C891839-F787-3423-867E-6785ACD47454}.MinSizeRel|Win32.ActiveCfg = MinSizeRel|Win32
		{2C891839-F787-3423-867E-6785ACD47454}.MinSizeRel|Win32.Build.0 = MinSizeRel|Win32
		{2C891839-F787-3423-867E-6785ACD47454}.RelWithDebInfo|Win32.ActiveCfg = RelWithDebInfo|Win32
		{2C891839-F787-3423-867E-6785ACD47454}.RelWithDebInfo|Win32.Build.0 = RelWithDebInfo|Win32
	EndGlobalSection
	GlobalSection(ExtensibilityGlobals) = postSolution
		SolutionGuid = {B94181DF-F13C-34F0-92AB-E72F6B371753}
	EndGlobalSection
	GlobalSection(ExtensibilityAddIns) = postSolution
	EndGlobalSection
EndGlobal
